{"version":4,"terraform_version":"1.9.0","serial":20,"lineage":"73435384-f0c3-3c13-82fb-fecb15c3f357","outputs":{},"resources":[{"mode":"managed","type":"local_file","name":"ansible_inventory","provider":"provider[\"registry.opentofu.org/hashicorp/local\"]","instances":[]},{"mode":"managed","type":"proxmox_virtual_environment_file","name":"cloud_config","provider":"provider[\"registry.opentofu.org/bpg/proxmox\"]","instances":[{"schema_version":0,"attributes":{"content_type":"snippets","datastore_id":"local","file_mode":null,"file_modification_date":"2025-04-23T10:08:18Z","file_name":"user-data.yml","file_size":2389,"file_tag":"6808bc12-955","id":"local:snippets/user-data.yml","node_name":"pve","overwrite":true,"source_file":[{"changed":false,"checksum":"","file_name":"","insecure":false,"min_tls":"","path":"cloud-init/user-data.yml"}],"source_raw":[],"timeout_upload":1800},"sensitive_attributes":[],"private":"bnVsbA=="}]},{"mode":"managed","type":"proxmox_virtual_environment_file","name":"cloud_image_cluster","provider":"provider[\"registry.opentofu.org/bpg/proxmox\"]","instances":[{"schema_version":0,"attributes":{"content_type":"iso","datastore_id":"local","file_mode":null,"file_modification_date":"2025-02-28T17:45:14Z","file_name":"oracular-server-cloudimg-amd64_cluster.img","file_size":475004928,"file_tag":"f7159766763298d9a9b35ff32cf00918-31","id":"local:iso/oracular-server-cloudimg-amd64_cluster.img","node_name":"pve","overwrite":true,"source_file":[{"changed":false,"checksum":"32a9d30d18803da72f5936cf2b7b9efcb4d0bb63c67933f17e3bdfd1751de3f3","file_name":"oracular-server-cloudimg-amd64_cluster.img","insecure":false,"min_tls":"","path":"http://cloud-images-archive.ubuntu.com/releases/noble/release-20240423/ubuntu-24.04-server-cloudimg-amd64.img"}],"source_raw":[],"timeout_upload":1800},"sensitive_attributes":[],"private":"bnVsbA=="}]},{"mode":"managed","type":"proxmox_virtual_environment_vm","name":"k8s_cp","provider":"provider[\"registry.opentofu.org/bpg/proxmox\"]","instances":[{"index_key":0,"schema_version":0,"attributes":{"acpi":true,"agent":[{"enabled":true,"timeout":"15m","trim":false,"type":"virtio"}],"audio_device":[],"bios":"seabios","boot_order":null,"cdrom":[],"clone":[],"cpu":[{"affinity":"","architecture":"","cores":2,"flags":null,"hotplugged":0,"limit":0,"numa":false,"sockets":1,"type":"qemu64","units":1024}],"description":"Managed by Terraform","disk":[{"aio":"io_uring","backup":true,"cache":"none","datastore_id":"zfs_storage","discard":"ignore","file_format":"raw","file_id":"","interface":"scsi0","iothread":false,"path_in_datastore":"vm-103-disk-0","replicate":true,"serial":"","size":20,"speed":[],"ssd":false}],"efi_disk":[],"hook_script_file_id":null,"hostpci":[],"id":"103","initialization":[{"datastore_id":"zfs_storage","dns":[],"interface":"ide2","ip_config":[{"ipv4":[{"address":"192.168.0.200/24","gateway":"192.168.0.2"}],"ipv6":[]}],"meta_data_file_id":"","network_data_file_id":"","type":"","user_account":[],"user_data_file_id":"local:snippets/user-data.yml","vendor_data_file_id":""}],"ipv4_addresses":[],"ipv6_addresses":[],"keyboard_layout":"en-us","kvm_arguments":"","mac_addresses":[],"machine":"","memory":[{"dedicated":8192,"floating":0,"hugepages":"","keep_hugepages":false,"shared":0}],"migrate":false,"name":"k8s-cp-1","network_device":[{"bridge":"vmbr0","disconnected":false,"enabled":true,"firewall":false,"mac_address":"BC:24:11:D8:52:C8","model":"virtio","mtu":0,"queues":0,"rate_limit":0,"trunks":"","vlan_id":0}],"network_interface_names":[],"node_name":"pve","numa":[],"on_boot":true,"operating_system":[{"type":"l26"}],"pool_id":null,"protection":false,"reboot":false,"reboot_after_update":true,"rng":[],"scsi_hardware":"virtio-scsi-pci","serial_device":[{"device":"socket"}],"smbios":[],"started":true,"startup":[],"stop_on_destroy":false,"tablet_device":true,"tags":["k8s"],"template":false,"timeout_clone":1800,"timeout_create":1800,"timeout_migrate":1800,"timeout_move_disk":1800,"timeout_reboot":1800,"timeout_shutdown_vm":1800,"timeout_start_vm":1800,"timeout_stop_vm":300,"tpm_state":[],"usb":[],"vga":[],"virtiofs":[],"vm_id":103,"watchdog":[]},"sensitive_attributes":[],"private":"bnVsbA==","dependencies":["proxmox_virtual_environment_file.cloud_config"]},{"index_key":1,"schema_version":0,"attributes":{"acpi":true,"agent":[{"enabled":true,"timeout":"15m","trim":false,"type":"virtio"}],"audio_device":[],"bios":"seabios","boot_order":null,"cdrom":[],"clone":[],"cpu":[{"affinity":"","architecture":"","cores":2,"flags":null,"hotplugged":0,"limit":0,"numa":false,"sockets":1,"type":"qemu64","units":1024}],"description":"Managed by Terraform","disk":[{"aio":"io_uring","backup":true,"cache":"none","datastore_id":"zfs_storage","discard":"ignore","file_format":"raw","file_id":"","interface":"scsi0","iothread":false,"path_in_datastore":"vm-100-disk-0","replicate":true,"serial":"","size":20,"speed":[],"ssd":false}],"efi_disk":[],"hook_script_file_id":null,"hostpci":[],"id":"100","initialization":[{"datastore_id":"zfs_storage","dns":[],"interface":"ide2","ip_config":[{"ipv4":[{"address":"192.168.0.199/24","gateway":"192.168.0.2"}],"ipv6":[]}],"meta_data_file_id":"","network_data_file_id":"","type":"","user_account":[],"user_data_file_id":"local:snippets/user-data.yml","vendor_data_file_id":""}],"ipv4_addresses":[],"ipv6_addresses":[],"keyboard_layout":"en-us","kvm_arguments":"","mac_addresses":[],"machine":"","memory":[{"dedicated":8192,"floating":0,"hugepages":"","keep_hugepages":false,"shared":0}],"migrate":false,"name":"k8s-cp-2","network_device":[{"bridge":"vmbr0","disconnected":false,"enabled":true,"firewall":false,"mac_address":"BC:24:11:69:DB:07","model":"virtio","mtu":0,"queues":0,"rate_limit":0,"trunks":"","vlan_id":0}],"network_interface_names":[],"node_name":"pve","numa":[],"on_boot":true,"operating_system":[{"type":"l26"}],"pool_id":null,"protection":false,"reboot":false,"reboot_after_update":true,"rng":[],"scsi_hardware":"virtio-scsi-pci","serial_device":[{"device":"socket"}],"smbios":[],"started":true,"startup":[],"stop_on_destroy":false,"tablet_device":true,"tags":["k8s"],"template":false,"timeout_clone":1800,"timeout_create":1800,"timeout_migrate":1800,"timeout_move_disk":1800,"timeout_reboot":1800,"timeout_shutdown_vm":1800,"timeout_start_vm":1800,"timeout_stop_vm":300,"tpm_state":[],"usb":[],"vga":[],"virtiofs":[],"vm_id":100,"watchdog":[]},"sensitive_attributes":[],"private":"bnVsbA==","dependencies":["proxmox_virtual_environment_file.cloud_config"]},{"index_key":2,"schema_version":0,"attributes":{"acpi":true,"agent":[{"enabled":true,"timeout":"15m","trim":false,"type":"virtio"}],"audio_device":[],"bios":"seabios","boot_order":null,"cdrom":[],"clone":[],"cpu":[{"affinity":"","architecture":"","cores":2,"flags":null,"hotplugged":0,"limit":0,"numa":false,"sockets":1,"type":"qemu64","units":1024}],"description":"Managed by Terraform","disk":[{"aio":"io_uring","backup":true,"cache":"none","datastore_id":"zfs_storage","discard":"ignore","file_format":"raw","file_id":"","interface":"scsi0","iothread":false,"path_in_datastore":"vm-101-disk-1","replicate":true,"serial":"","size":20,"speed":[],"ssd":false}],"efi_disk":[],"hook_script_file_id":null,"hostpci":[],"id":"101","initialization":[{"datastore_id":"zfs_storage","dns":[],"interface":"ide2","ip_config":[{"ipv4":[{"address":"192.168.0.198/24","gateway":"192.168.0.2"}],"ipv6":[]}],"meta_data_file_id":"","network_data_file_id":"","type":"","user_account":[],"user_data_file_id":"local:snippets/user-data.yml","vendor_data_file_id":""}],"ipv4_addresses":[],"ipv6_addresses":[],"keyboard_layout":"en-us","kvm_arguments":"","mac_addresses":[],"machine":"","memory":[{"dedicated":8192,"floating":0,"hugepages":"","keep_hugepages":false,"shared":0}],"migrate":false,"name":"k8s-cp-3","network_device":[{"bridge":"vmbr0","disconnected":false,"enabled":true,"firewall":false,"mac_address":"BC:24:11:DC:B4:E9","model":"virtio","mtu":0,"queues":0,"rate_limit":0,"trunks":"","vlan_id":0}],"network_interface_names":[],"node_name":"pve","numa":[],"on_boot":true,"operating_system":[{"type":"l26"}],"pool_id":null,"protection":false,"reboot":false,"reboot_after_update":true,"rng":[],"scsi_hardware":"virtio-scsi-pci","serial_device":[{"device":"socket"}],"smbios":[],"started":true,"startup":[],"stop_on_destroy":false,"tablet_device":true,"tags":["k8s"],"template":false,"timeout_clone":1800,"timeout_create":1800,"timeout_migrate":1800,"timeout_move_disk":1800,"timeout_reboot":1800,"timeout_shutdown_vm":1800,"timeout_start_vm":1800,"timeout_stop_vm":300,"tpm_state":[],"usb":[],"vga":[],"virtiofs":[],"vm_id":101,"watchdog":[]},"sensitive_attributes":[],"private":"bnVsbA==","dependencies":["proxmox_virtual_environment_file.cloud_config"]}]},{"mode":"managed","type":"proxmox_virtual_environment_vm","name":"k8s_worker","provider":"provider[\"registry.opentofu.org/bpg/proxmox\"]","instances":[{"index_key":0,"schema_version":0,"attributes":{"acpi":true,"agent":[{"enabled":true,"timeout":"15m","trim":false,"type":"virtio"}],"audio_device":[],"bios":"seabios","boot_order":null,"cdrom":[],"clone":[],"cpu":[{"affinity":"","architecture":"","cores":2,"flags":null,"hotplugged":0,"limit":0,"numa":false,"sockets":1,"type":"qemu64","units":1024}],"description":"Managed by Terraform","disk":[{"aio":"io_uring","backup":true,"cache":"none","datastore_id":"zfs_storage","discard":"ignore","file_format":"raw","file_id":"","interface":"scsi0","iothread":false,"path_in_datastore":"vm-102-disk-0","replicate":true,"serial":"","size":20,"speed":[],"ssd":false}],"efi_disk":[],"hook_script_file_id":null,"hostpci":[],"id":"102","initialization":[{"datastore_id":"zfs_storage","dns":[],"interface":"ide2","ip_config":[{"ipv4":[{"address":"192.168.0.201/24","gateway":"192.168.0.2"}],"ipv6":[]}],"meta_data_file_id":"","network_data_file_id":"","type":"","user_account":[],"user_data_file_id":"local:snippets/user-data.yml","vendor_data_file_id":""}],"ipv4_addresses":[],"ipv6_addresses":[],"keyboard_layout":"en-us","kvm_arguments":"","mac_addresses":[],"machine":"","memory":[{"dedicated":12288,"floating":0,"hugepages":"","keep_hugepages":false,"shared":0}],"migrate":false,"name":"k8s-worker-1","network_device":[{"bridge":"vmbr0","disconnected":false,"enabled":true,"firewall":false,"mac_address":"BC:24:11:00:CB:2B","model":"virtio","mtu":0,"queues":0,"rate_limit":0,"trunks":"","vlan_id":0}],"network_interface_names":[],"node_name":"pve","numa":[],"on_boot":true,"operating_system":[{"type":"l26"}],"pool_id":null,"protection":false,"reboot":false,"reboot_after_update":true,"rng":[],"scsi_hardware":"virtio-scsi-pci","serial_device":[{"device":"socket"}],"smbios":[],"started":true,"startup":[],"stop_on_destroy":false,"tablet_device":true,"tags":["k8s"],"template":false,"timeout_clone":1800,"timeout_create":1800,"timeout_migrate":1800,"timeout_move_disk":1800,"timeout_reboot":1800,"timeout_shutdown_vm":1800,"timeout_start_vm":1800,"timeout_stop_vm":300,"tpm_state":[],"usb":[],"vga":[],"virtiofs":[],"vm_id":102,"watchdog":[]},"sensitive_attributes":[],"private":"bnVsbA==","dependencies":["proxmox_virtual_environment_file.cloud_config"]}]}],"check_results":null}
